// !$*UTF8*$!
{
	archiveVersion = 1;
	classes = {
	};
	objectVersion = 56;
	objects = {

/* Begin PBXBuildFile section */
		F7320D382C99255900BBEDD2 /* AppDelegate.swift in Sources */ = {isa = PBXBuildFile; fileRef = F7320D372C99255900BBEDD2 /* AppDelegate.swift */; };
		F7320D412C99255A00BBEDD2 /* Assets.xcassets in Resources */ = {isa = PBXBuildFile; fileRef = F7320D402C99255A00BBEDD2 /* Assets.xcassets */; };
		F7320D442C99255A00BBEDD2 /* Base in Resources */ = {isa = PBXBuildFile; fileRef = F7320D432C99255A00BBEDD2 /* Base */; };
		F7320D4D2C992E2F00BBEDD2 /* TabBarVC.swift in Sources */ = {isa = PBXBuildFile; fileRef = F7320D4C2C992E2F00BBEDD2 /* TabBarVC.swift */; };
		F73DED252C9D980300BF0163 /* OrderConfirmationViewModel.swift in Sources */ = {isa = PBXBuildFile; fileRef = F73DED242C9D980300BF0163 /* OrderConfirmationViewModel.swift */; };
		F73DED272C9D9CD800BF0163 /* Int+EXT.swift in Sources */ = {isa = PBXBuildFile; fileRef = F73DED262C9D9CD800BF0163 /* Int+EXT.swift */; };
		F74C83E32C99A2BD00014D5B /* MenuItem.swift in Sources */ = {isa = PBXBuildFile; fileRef = F74C83E22C99A2BD00014D5B /* MenuItem.swift */; };
		F74C83E52C99A37100014D5B /* ResponseModel.swift in Sources */ = {isa = PBXBuildFile; fileRef = F74C83E42C99A37100014D5B /* ResponseModel.swift */; };
		F74C83E82C99A4F300014D5B /* Order.swift in Sources */ = {isa = PBXBuildFile; fileRef = F74C83E72C99A4F300014D5B /* Order.swift */; };
		F74C83EB2C99A60700014D5B /* NetworkManager.swift in Sources */ = {isa = PBXBuildFile; fileRef = F74C83EA2C99A60700014D5B /* NetworkManager.swift */; };
		F74C83ED2C9A171F00014D5B /* Errors.swift in Sources */ = {isa = PBXBuildFile; fileRef = F74C83EC2C9A171F00014D5B /* Errors.swift */; };
		F74C83F02C9A2AB900014D5B /* CategoriesVC.xib in Resources */ = {isa = PBXBuildFile; fileRef = F74C83EF2C9A2AB900014D5B /* CategoriesVC.xib */; };
		F74C83F12C9A2AB900014D5B /* CategoriesVC.swift in Sources */ = {isa = PBXBuildFile; fileRef = F74C83EE2C9A2AB900014D5B /* CategoriesVC.swift */; };
		F74C83F52C9A2B9D00014D5B /* CategoriesTableViewCell.xib in Resources */ = {isa = PBXBuildFile; fileRef = F74C83F42C9A2B9D00014D5B /* CategoriesTableViewCell.xib */; };
		F74C83F62C9A2B9D00014D5B /* CategoriesTableViewCell.swift in Sources */ = {isa = PBXBuildFile; fileRef = F74C83F32C9A2B9D00014D5B /* CategoriesTableViewCell.swift */; };
		F74C83F92C9A2C4E00014D5B /* CategoriesViewModel.swift in Sources */ = {isa = PBXBuildFile; fileRef = F74C83F82C9A2C4E00014D5B /* CategoriesViewModel.swift */; };
		F74C83FC2C9A301400014D5B /* UIViewController+EXT.swift in Sources */ = {isa = PBXBuildFile; fileRef = F74C83FB2C9A301400014D5B /* UIViewController+EXT.swift */; };
		F74C83FE2C9A5DA800014D5B /* UIView+EXT.swift in Sources */ = {isa = PBXBuildFile; fileRef = F74C83FD2C9A5DA800014D5B /* UIView+EXT.swift */; };
		F74C84002C9A794800014D5B /* UIColor+EXT.swift in Sources */ = {isa = PBXBuildFile; fileRef = F74C83FF2C9A794800014D5B /* UIColor+EXT.swift */; };
		F74C84032C9A7F2D00014D5B /* MenuVC.xib in Resources */ = {isa = PBXBuildFile; fileRef = F74C84022C9A7F2D00014D5B /* MenuVC.xib */; };
		F74C84042C9A7F2D00014D5B /* MenuVC.swift in Sources */ = {isa = PBXBuildFile; fileRef = F74C84012C9A7F2D00014D5B /* MenuVC.swift */; };
		F74C84062C9A801F00014D5B /* MenuViewModel.swift in Sources */ = {isa = PBXBuildFile; fileRef = F74C84052C9A801F00014D5B /* MenuViewModel.swift */; };
		F74C840A2C9A85C200014D5B /* MenuTableViewCell.xib in Resources */ = {isa = PBXBuildFile; fileRef = F74C84092C9A85C200014D5B /* MenuTableViewCell.xib */; };
		F74C840B2C9A85C200014D5B /* MenuTableViewCell.swift in Sources */ = {isa = PBXBuildFile; fileRef = F74C84082C9A85C200014D5B /* MenuTableViewCell.swift */; };
		F74C840E2C9A8F8800014D5B /* MenuDetailVC.xib in Resources */ = {isa = PBXBuildFile; fileRef = F74C840D2C9A8F8800014D5B /* MenuDetailVC.xib */; };
		F74C840F2C9A8F8800014D5B /* MenuDetailVC.swift in Sources */ = {isa = PBXBuildFile; fileRef = F74C840C2C9A8F8800014D5B /* MenuDetailVC.swift */; };
		F74C84112C9A900B00014D5B /* MenuDetailViewModel.swift in Sources */ = {isa = PBXBuildFile; fileRef = F74C84102C9A900B00014D5B /* MenuDetailViewModel.swift */; };
		F75F10592C9AF9880006EC9F /* UIButton+EXT.swift in Sources */ = {isa = PBXBuildFile; fileRef = F75F10582C9AF9880006EC9F /* UIButton+EXT.swift */; };
		F75F105C2C9AFACE0006EC9F /* OrderVC.xib in Resources */ = {isa = PBXBuildFile; fileRef = F75F105B2C9AFACE0006EC9F /* OrderVC.xib */; };
		F75F105D2C9AFACE0006EC9F /* OrderVC.swift in Sources */ = {isa = PBXBuildFile; fileRef = F75F105A2C9AFACE0006EC9F /* OrderVC.swift */; };
		F75F10612C9AFB500006EC9F /* OrderViewModel.swift in Sources */ = {isa = PBXBuildFile; fileRef = F75F10602C9AFB500006EC9F /* OrderViewModel.swift */; };
		F75F10642C9AFC200006EC9F /* OrderTableViewCell.xib in Resources */ = {isa = PBXBuildFile; fileRef = F75F10632C9AFC200006EC9F /* OrderTableViewCell.xib */; };
		F75F10652C9AFC200006EC9F /* OrderTableViewCell.swift in Sources */ = {isa = PBXBuildFile; fileRef = F75F10622C9AFC200006EC9F /* OrderTableViewCell.swift */; };
		F75F10692C9B04AA0006EC9F /* UserDefaultManager.swift in Sources */ = {isa = PBXBuildFile; fileRef = F75F10682C9B04AA0006EC9F /* UserDefaultManager.swift */; };
		F76F5C6A2C9BC40D00E6EC81 /* OrderConfirmationVC.swift in Sources */ = {isa = PBXBuildFile; fileRef = F76F5C682C9BC40D00E6EC81 /* OrderConfirmationVC.swift */; };
		F76F5C6B2C9BC40D00E6EC81 /* OrderConfirmationVC.xib in Resources */ = {isa = PBXBuildFile; fileRef = F76F5C692C9BC40D00E6EC81 /* OrderConfirmationVC.xib */; };
		F7E071F72C9EE73900B7FEC1 /* SceneDelegate.swift in Sources */ = {isa = PBXBuildFile; fileRef = F7E071F62C9EE73900B7FEC1 /* SceneDelegate.swift */; };
/* End PBXBuildFile section */

/* Begin PBXFileReference section */
		F7320D342C99255900BBEDD2 /* OrderApp.app */ = {isa = PBXFileReference; explicitFileType = wrapper.application; includeInIndex = 0; path = OrderApp.app; sourceTree = BUILT_PRODUCTS_DIR; };
		F7320D372C99255900BBEDD2 /* AppDelegate.swift */ = {isa = PBXFileReference; lastKnownFileType = sourcecode.swift; path = AppDelegate.swift; sourceTree = "<group>"; };
		F7320D402C99255A00BBEDD2 /* Assets.xcassets */ = {isa = PBXFileReference; lastKnownFileType = folder.assetcatalog; path = Assets.xcassets; sourceTree = "<group>"; };
		F7320D432C99255A00BBEDD2 /* Base */ = {isa = PBXFileReference; lastKnownFileType = file.storyboard; name = Base; path = Base.lproj/LaunchScreen.storyboard; sourceTree = "<group>"; };
		F7320D452C99255A00BBEDD2 /* Info.plist */ = {isa = PBXFileReference; lastKnownFileType = text.plist.xml; path = Info.plist; sourceTree = "<group>"; };
		F7320D4C2C992E2F00BBEDD2 /* TabBarVC.swift */ = {isa = PBXFileReference; lastKnownFileType = sourcecode.swift; path = TabBarVC.swift; sourceTree = "<group>"; };
		F73DED242C9D980300BF0163 /* OrderConfirmationViewModel.swift */ = {isa = PBXFileReference; lastKnownFileType = sourcecode.swift; path = OrderConfirmationViewModel.swift; sourceTree = "<group>"; };
		F73DED262C9D9CD800BF0163 /* Int+EXT.swift */ = {isa = PBXFileReference; lastKnownFileType = sourcecode.swift; path = "Int+EXT.swift"; sourceTree = "<group>"; };
		F74C83E22C99A2BD00014D5B /* MenuItem.swift */ = {isa = PBXFileReference; lastKnownFileType = sourcecode.swift; path = MenuItem.swift; sourceTree = "<group>"; };
		F74C83E42C99A37100014D5B /* ResponseModel.swift */ = {isa = PBXFileReference; lastKnownFileType = sourcecode.swift; path = ResponseModel.swift; sourceTree = "<group>"; };
		F74C83E72C99A4F300014D5B /* Order.swift */ = {isa = PBXFileReference; lastKnownFileType = sourcecode.swift; path = Order.swift; sourceTree = "<group>"; };
		F74C83EA2C99A60700014D5B /* NetworkManager.swift */ = {isa = PBXFileReference; lastKnownFileType = sourcecode.swift; path = NetworkManager.swift; sourceTree = "<group>"; };
		F74C83EC2C9A171F00014D5B /* Errors.swift */ = {isa = PBXFileReference; lastKnownFileType = sourcecode.swift; path = Errors.swift; sourceTree = "<group>"; };
		F74C83EE2C9A2AB900014D5B /* CategoriesVC.swift */ = {isa = PBXFileReference; lastKnownFileType = sourcecode.swift; path = CategoriesVC.swift; sourceTree = "<group>"; };
		F74C83EF2C9A2AB900014D5B /* CategoriesVC.xib */ = {isa = PBXFileReference; lastKnownFileType = file.xib; path = CategoriesVC.xib; sourceTree = "<group>"; };
		F74C83F32C9A2B9D00014D5B /* CategoriesTableViewCell.swift */ = {isa = PBXFileReference; lastKnownFileType = sourcecode.swift; path = CategoriesTableViewCell.swift; sourceTree = "<group>"; };
		F74C83F42C9A2B9D00014D5B /* CategoriesTableViewCell.xib */ = {isa = PBXFileReference; lastKnownFileType = file.xib; path = CategoriesTableViewCell.xib; sourceTree = "<group>"; };
		F74C83F82C9A2C4E00014D5B /* CategoriesViewModel.swift */ = {isa = PBXFileReference; lastKnownFileType = sourcecode.swift; path = CategoriesViewModel.swift; sourceTree = "<group>"; };
		F74C83FB2C9A301400014D5B /* UIViewController+EXT.swift */ = {isa = PBXFileReference; lastKnownFileType = sourcecode.swift; path = "UIViewController+EXT.swift"; sourceTree = "<group>"; };
		F74C83FD2C9A5DA800014D5B /* UIView+EXT.swift */ = {isa = PBXFileReference; lastKnownFileType = sourcecode.swift; path = "UIView+EXT.swift"; sourceTree = "<group>"; };
		F74C83FF2C9A794800014D5B /* UIColor+EXT.swift */ = {isa = PBXFileReference; lastKnownFileType = sourcecode.swift; path = "UIColor+EXT.swift"; sourceTree = "<group>"; };
		F74C84012C9A7F2D00014D5B /* MenuVC.swift */ = {isa = PBXFileReference; lastKnownFileType = sourcecode.swift; path = MenuVC.swift; sourceTree = "<group>"; };
		F74C84022C9A7F2D00014D5B /* MenuVC.xib */ = {isa = PBXFileReference; lastKnownFileType = file.xib; path = MenuVC.xib; sourceTree = "<group>"; };
		F74C84052C9A801F00014D5B /* MenuViewModel.swift */ = {isa = PBXFileReference; lastKnownFileType = sourcecode.swift; path = MenuViewModel.swift; sourceTree = "<group>"; };
		F74C84082C9A85C200014D5B /* MenuTableViewCell.swift */ = {isa = PBXFileReference; lastKnownFileType = sourcecode.swift; path = MenuTableViewCell.swift; sourceTree = "<group>"; };
		F74C84092C9A85C200014D5B /* MenuTableViewCell.xib */ = {isa = PBXFileReference; lastKnownFileType = file.xib; path = MenuTableViewCell.xib; sourceTree = "<group>"; };
		F74C840C2C9A8F8800014D5B /* MenuDetailVC.swift */ = {isa = PBXFileReference; lastKnownFileType = sourcecode.swift; path = MenuDetailVC.swift; sourceTree = "<group>"; };
		F74C840D2C9A8F8800014D5B /* MenuDetailVC.xib */ = {isa = PBXFileReference; lastKnownFileType = file.xib; path = MenuDetailVC.xib; sourceTree = "<group>"; };
		F74C84102C9A900B00014D5B /* MenuDetailViewModel.swift */ = {isa = PBXFileReference; lastKnownFileType = sourcecode.swift; path = MenuDetailViewModel.swift; sourceTree = "<group>"; };
		F75F10582C9AF9880006EC9F /* UIButton+EXT.swift */ = {isa = PBXFileReference; lastKnownFileType = sourcecode.swift; path = "UIButton+EXT.swift"; sourceTree = "<group>"; };
		F75F105A2C9AFACE0006EC9F /* OrderVC.swift */ = {isa = PBXFileReference; lastKnownFileType = sourcecode.swift; path = OrderVC.swift; sourceTree = "<group>"; };
		F75F105B2C9AFACE0006EC9F /* OrderVC.xib */ = {isa = PBXFileReference; lastKnownFileType = file.xib; path = OrderVC.xib; sourceTree = "<group>"; };
		F75F10602C9AFB500006EC9F /* OrderViewModel.swift */ = {isa = PBXFileReference; lastKnownFileType = sourcecode.swift; path = OrderViewModel.swift; sourceTree = "<group>"; };
		F75F10622C9AFC200006EC9F /* OrderTableViewCell.swift */ = {isa = PBXFileReference; lastKnownFileType = sourcecode.swift; path = OrderTableViewCell.swift; sourceTree = "<group>"; };
		F75F10632C9AFC200006EC9F /* OrderTableViewCell.xib */ = {isa = PBXFileReference; lastKnownFileType = file.xib; path = OrderTableViewCell.xib; sourceTree = "<group>"; };
		F75F10682C9B04AA0006EC9F /* UserDefaultManager.swift */ = {isa = PBXFileReference; lastKnownFileType = sourcecode.swift; path = UserDefaultManager.swift; sourceTree = "<group>"; };
		F76F5C682C9BC40D00E6EC81 /* OrderConfirmationVC.swift */ = {isa = PBXFileReference; lastKnownFileType = sourcecode.swift; path = OrderConfirmationVC.swift; sourceTree = "<group>"; };
		F76F5C692C9BC40D00E6EC81 /* OrderConfirmationVC.xib */ = {isa = PBXFileReference; lastKnownFileType = file.xib; path = OrderConfirmationVC.xib; sourceTree = "<group>"; };
		F7E071F62C9EE73900B7FEC1 /* SceneDelegate.swift */ = {isa = PBXFileReference; lastKnownFileType = sourcecode.swift; path = SceneDelegate.swift; sourceTree = "<group>"; };
/* End PBXFileReference section */

/* Begin PBXFrameworksBuildPhase section */
		F7320D312C99255900BBEDD2 /* Frameworks */ = {
			isa = PBXFrameworksBuildPhase;
			buildActionMask = 2147483647;
			files = (
			);
			runOnlyForDeploymentPostprocessing = 0;
		};
/* End PBXFrameworksBuildPhase section */

/* Begin PBXGroup section */
		F7320D2B2C99255900BBEDD2 = {
			isa = PBXGroup;
			children = (
				F7320D362C99255900BBEDD2 /* OrderApp */,
				F7320D352C99255900BBEDD2 /* Products */,
			);
			sourceTree = "<group>";
		};
		F7320D352C99255900BBEDD2 /* Products */ = {
			isa = PBXGroup;
			children = (
				F7320D342C99255900BBEDD2 /* OrderApp.app */,
			);
			name = Products;
			sourceTree = "<group>";
		};
		F7320D362C99255900BBEDD2 /* OrderApp */ = {
			isa = PBXGroup;
			children = (
				F7320D452C99255A00BBEDD2 /* Info.plist */,
				F7320D372C99255900BBEDD2 /* AppDelegate.swift */,
				F7E071F62C9EE73900B7FEC1 /* SceneDelegate.swift */,
				F74C83E92C99A5EC00014D5B /* Managers */,
				F7320D622C99334200BBEDD2 /* Components */,
				F7320D602C99330700BBEDD2 /* CategoryTab */,
				F7320D612C99331B00BBEDD2 /* OrderTab */,
				F74C83FA2C9A2FFD00014D5B /* Extensions */,
				F7320D4B2C992E0100BBEDD2 /* Support */,
			);
			path = OrderApp;
			sourceTree = "<group>";
		};
		F7320D4B2C992E0100BBEDD2 /* Support */ = {
			isa = PBXGroup;
			children = (
				F7320D402C99255A00BBEDD2 /* Assets.xcassets */,
				F7320D422C99255A00BBEDD2 /* LaunchScreen.storyboard */,
			);
			path = Support;
			sourceTree = "<group>";
		};
		F7320D602C99330700BBEDD2 /* CategoryTab */ = {
			isa = PBXGroup;
			children = (
				F74C83F22C9A2B8000014D5B /* Cells */,
				F7320D642C99344D00BBEDD2 /* Models */,
				F7320D662C99345E00BBEDD2 /* Views */,
				F7320D652C99345500BBEDD2 /* ViewModels */,
			);
			path = CategoryTab;
			sourceTree = "<group>";
		};
		F7320D612C99331B00BBEDD2 /* OrderTab */ = {
			isa = PBXGroup;
			children = (
				F75F10662C9AFC2C0006EC9F /* Cells */,
				F74C83E62C99A4E000014D5B /* Models */,
				F75F105E2C9AFAD40006EC9F /* Views */,
				F75F105F2C9AFAE40006EC9F /* ViewModels */,
			);
			path = OrderTab;
			sourceTree = "<group>";
		};
		F7320D622C99334200BBEDD2 /* Components */ = {
			isa = PBXGroup;
			children = (
				F7320D632C99334F00BBEDD2 /* TabBarController */,
			);
			path = Components;
			sourceTree = "<group>";
		};
		F7320D632C99334F00BBEDD2 /* TabBarController */ = {
			isa = PBXGroup;
			children = (
				F7320D4C2C992E2F00BBEDD2 /* TabBarVC.swift */,
			);
			path = TabBarController;
			sourceTree = "<group>";
		};
		F7320D642C99344D00BBEDD2 /* Models */ = {
			isa = PBXGroup;
			children = (
				F74C83E22C99A2BD00014D5B /* MenuItem.swift */,
				F74C83E42C99A37100014D5B /* ResponseModel.swift */,
			);
			path = Models;
			sourceTree = "<group>";
		};
		F7320D652C99345500BBEDD2 /* ViewModels */ = {
			isa = PBXGroup;
			children = (
				F74C83F82C9A2C4E00014D5B /* CategoriesViewModel.swift */,
				F74C84052C9A801F00014D5B /* MenuViewModel.swift */,
				F74C84102C9A900B00014D5B /* MenuDetailViewModel.swift */,
			);
			path = ViewModels;
			sourceTree = "<group>";
		};
		F7320D662C99345E00BBEDD2 /* Views */ = {
			isa = PBXGroup;
			children = (
				F74C83EE2C9A2AB900014D5B /* CategoriesVC.swift */,
				F74C83EF2C9A2AB900014D5B /* CategoriesVC.xib */,
				F74C84012C9A7F2D00014D5B /* MenuVC.swift */,
				F74C84022C9A7F2D00014D5B /* MenuVC.xib */,
				F74C840C2C9A8F8800014D5B /* MenuDetailVC.swift */,
				F74C840D2C9A8F8800014D5B /* MenuDetailVC.xib */,
			);
			path = Views;
			sourceTree = "<group>";
		};
		F74C83E62C99A4E000014D5B /* Models */ = {
			isa = PBXGroup;
			children = (
				F74C83E72C99A4F300014D5B /* Order.swift */,
			);
			path = Models;
			sourceTree = "<group>";
		};
		F74C83E92C99A5EC00014D5B /* Managers */ = {
			isa = PBXGroup;
			children = (
				F74C83EA2C99A60700014D5B /* NetworkManager.swift */,
				F75F10682C9B04AA0006EC9F /* UserDefaultManager.swift */,
				F74C83EC2C9A171F00014D5B /* Errors.swift */,
			);
			path = Managers;
			sourceTree = "<group>";
		};
		F74C83F22C9A2B8000014D5B /* Cells */ = {
			isa = PBXGroup;
			children = (
				F74C84072C9A859A00014D5B /* MenuCell */,
				F74C83F72C9A2BA600014D5B /* CategoriesCell */,
			);
			path = Cells;
			sourceTree = "<group>";
		};
		F74C83F72C9A2BA600014D5B /* CategoriesCell */ = {
			isa = PBXGroup;
			children = (
				F74C83F32C9A2B9D00014D5B /* CategoriesTableViewCell.swift */,
				F74C83F42C9A2B9D00014D5B /* CategoriesTableViewCell.xib */,
			);
			path = CategoriesCell;
			sourceTree = "<group>";
		};
		F74C83FA2C9A2FFD00014D5B /* Extensions */ = {
			isa = PBXGroup;
			children = (
				F74C83FB2C9A301400014D5B /* UIViewController+EXT.swift */,
				F73DED262C9D9CD800BF0163 /* Int+EXT.swift */,
				F75F10582C9AF9880006EC9F /* UIButton+EXT.swift */,
				F74C83FF2C9A794800014D5B /* UIColor+EXT.swift */,
				F74C83FD2C9A5DA800014D5B /* UIView+EXT.swift */,
			);
			path = Extensions;
			sourceTree = "<group>";
		};
		F74C84072C9A859A00014D5B /* MenuCell */ = {
			isa = PBXGroup;
			children = (
				F74C84082C9A85C200014D5B /* MenuTableViewCell.swift */,
				F74C84092C9A85C200014D5B /* MenuTableViewCell.xib */,
			);
			path = MenuCell;
			sourceTree = "<group>";
		};
		F75F105E2C9AFAD40006EC9F /* Views */ = {
			isa = PBXGroup;
			children = (
				F75F105A2C9AFACE0006EC9F /* OrderVC.swift */,
				F75F105B2C9AFACE0006EC9F /* OrderVC.xib */,
				F76F5C682C9BC40D00E6EC81 /* OrderConfirmationVC.swift */,
				F76F5C692C9BC40D00E6EC81 /* OrderConfirmationVC.xib */,
			);
			path = Views;
			sourceTree = "<group>";
		};
		F75F105F2C9AFAE40006EC9F /* ViewModels */ = {
			isa = PBXGroup;
			children = (
				F75F10602C9AFB500006EC9F /* OrderViewModel.swift */,
				F73DED242C9D980300BF0163 /* OrderConfirmationViewModel.swift */,
			);
			path = ViewModels;
			sourceTree = "<group>";
		};
		F75F10662C9AFC2C0006EC9F /* Cells */ = {
			isa = PBXGroup;
			children = (
				F75F10672C9AFC470006EC9F /* OrderCell */,
			);
			path = Cells;
			sourceTree = "<group>";
		};
		F75F10672C9AFC470006EC9F /* OrderCell */ = {
			isa = PBXGroup;
			children = (
				F75F10622C9AFC200006EC9F /* OrderTableViewCell.swift */,
				F75F10632C9AFC200006EC9F /* OrderTableViewCell.xib */,
			);
			path = OrderCell;
			sourceTree = "<group>";
		};
/* End PBXGroup section */

/* Begin PBXNativeTarget section */
		F7320D332C99255900BBEDD2 /* OrderApp */ = {
			isa = PBXNativeTarget;
			buildConfigurationList = F7320D482C99255A00BBEDD2 /* Build configuration list for PBXNativeTarget "OrderApp" */;
			buildPhases = (
				F7320D302C99255900BBEDD2 /* Sources */,
				F7320D312C99255900BBEDD2 /* Frameworks */,
				F7320D322C99255900BBEDD2 /* Resources */,
			);
			buildRules = (
			);
			dependencies = (
			);
			name = OrderApp;
			productName = OrderApp;
			productReference = F7320D342C99255900BBEDD2 /* OrderApp.app */;
			productType = "com.apple.product-type.application";
		};
/* End PBXNativeTarget section */

/* Begin PBXProject section */
		F7320D2C2C99255900BBEDD2 /* Project object */ = {
			isa = PBXProject;
			attributes = {
				BuildIndependentTargetsInParallel = 1;
				LastSwiftUpdateCheck = 1540;
				LastUpgradeCheck = 1540;
				TargetAttributes = {
					F7320D332C99255900BBEDD2 = {
						CreatedOnToolsVersion = 15.4;
					};
				};
			};
			buildConfigurationList = F7320D2F2C99255900BBEDD2 /* Build configuration list for PBXProject "OrderApp" */;
			compatibilityVersion = "Xcode 14.0";
			developmentRegion = en;
			hasScannedForEncodings = 0;
			knownRegions = (
				en,
				Base,
			);
			mainGroup = F7320D2B2C99255900BBEDD2;
			productRefGroup = F7320D352C99255900BBEDD2 /* Products */;
			projectDirPath = "";
			projectRoot = "";
			targets = (
				F7320D332C99255900BBEDD2 /* OrderApp */,
			);
		};
/* End PBXProject section */

/* Begin PBXResourcesBuildPhase section */
		F7320D322C99255900BBEDD2 /* Resources */ = {
			isa = PBXResourcesBuildPhase;
			buildActionMask = 2147483647;
			files = (
				F74C83F52C9A2B9D00014D5B /* CategoriesTableViewCell.xib in Resources */,
				F75F105C2C9AFACE0006EC9F /* OrderVC.xib in Resources */,
				F76F5C6B2C9BC40D00E6EC81 /* OrderConfirmationVC.xib in Resources */,
				F7320D412C99255A00BBEDD2 /* Assets.xcassets in Resources */,
				F75F10642C9AFC200006EC9F /* OrderTableViewCell.xib in Resources */,
				F74C840E2C9A8F8800014D5B /* MenuDetailVC.xib in Resources */,
				F74C84032C9A7F2D00014D5B /* MenuVC.xib in Resources */,
				F7320D442C99255A00BBEDD2 /* Base in Resources */,
				F74C83F02C9A2AB900014D5B /* CategoriesVC.xib in Resources */,
				F74C840A2C9A85C200014D5B /* MenuTableViewCell.xib in Resources */,
			);
			runOnlyForDeploymentPostprocessing = 0;
		};
/* End PBXResourcesBuildPhase section */

/* Begin PBXSourcesBuildPhase section */
		F7320D302C99255900BBEDD2 /* Sources */ = {
			isa = PBXSourcesBuildPhase;
			buildActionMask = 2147483647;
			files = (
				F74C83FC2C9A301400014D5B /* UIViewController+EXT.swift in Sources */,
				F74C83E32C99A2BD00014D5B /* MenuItem.swift in Sources */,
				F75F10692C9B04AA0006EC9F /* UserDefaultManager.swift in Sources */,
				F74C83EB2C99A60700014D5B /* NetworkManager.swift in Sources */,
				F75F10592C9AF9880006EC9F /* UIButton+EXT.swift in Sources */,
				F74C84002C9A794800014D5B /* UIColor+EXT.swift in Sources */,
				F74C84042C9A7F2D00014D5B /* MenuVC.swift in Sources */,
				F74C83E82C99A4F300014D5B /* Order.swift in Sources */,
				F74C83F62C9A2B9D00014D5B /* CategoriesTableViewCell.swift in Sources */,
				F7320D4D2C992E2F00BBEDD2 /* TabBarVC.swift in Sources */,
				F76F5C6A2C9BC40D00E6EC81 /* OrderConfirmationVC.swift in Sources */,
				F7E071F72C9EE73900B7FEC1 /* SceneDelegate.swift in Sources */,
				F73DED272C9D9CD800BF0163 /* Int+EXT.swift in Sources */,
				F75F105D2C9AFACE0006EC9F /* OrderVC.swift in Sources */,
				F73DED252C9D980300BF0163 /* OrderConfirmationViewModel.swift in Sources */,
				F74C83F12C9A2AB900014D5B /* CategoriesVC.swift in Sources */,
				F7320D382C99255900BBEDD2 /* AppDelegate.swift in Sources */,
				F75F10612C9AFB500006EC9F /* OrderViewModel.swift in Sources */,
				F74C83F92C9A2C4E00014D5B /* CategoriesViewModel.swift in Sources */,
				F74C840F2C9A8F8800014D5B /* MenuDetailVC.swift in Sources */,
				F74C83ED2C9A171F00014D5B /* Errors.swift in Sources */,
				F75F10652C9AFC200006EC9F /* OrderTableViewCell.swift in Sources */,
				F74C84112C9A900B00014D5B /* MenuDetailViewModel.swift in Sources */,
				F74C83E52C99A37100014D5B /* ResponseModel.swift in Sources */,
				F74C840B2C9A85C200014D5B /* MenuTableViewCell.swift in Sources */,
				F74C84062C9A801F00014D5B /* MenuViewModel.swift in Sources */,
				F74C83FE2C9A5DA800014D5B /* UIView+EXT.swift in Sources */,
			);
			runOnlyForDeploymentPostprocessing = 0;
		};
/* End PBXSourcesBuildPhase section */

/* Begin PBXVariantGroup section */
		F7320D422C99255A00BBEDD2 /* LaunchScreen.storyboard */ = {
			isa = PBXVariantGroup;
			children = (
				F7320D432C99255A00BBEDD2 /* Base */,
			);
			name = LaunchScreen.storyboard;
			sourceTree = "<group>";
		};
/* End PBXVariantGroup section */

/* Begin XCBuildConfiguration section */
		F7320D462C99255A00BBEDD2 /* Debug */ = {
			isa = XCBuildConfiguration;
			buildSettings = {
				ALWAYS_SEARCH_USER_PATHS = NO;
				ASSETCATALOG_COMPILER_GENERATE_SWIFT_ASSET_SYMBOL_EXTENSIONS = YES;
				CLANG_ANALYZER_NONNULL = YES;
				CLANG_ANALYZER_NUMBER_OBJECT_CONVERSION = YES_AGGRESSIVE;
				CLANG_CXX_LANGUAGE_STANDARD = "gnu++20";
				CLANG_ENABLE_MODULES = YES;
				CLANG_ENABLE_OBJC_ARC = YES;
				CLANG_ENABLE_OBJC_WEAK = YES;
				CLANG_WARN_BLOCK_CAPTURE_AUTORELEASING = YES;
				CLANG_WARN_BOOL_CONVERSION = YES;
				CLANG_WARN_COMMA = YES;
				CLANG_WARN_CONSTANT_CONVERSION = YES;
				CLANG_WARN_DEPRECATED_OBJC_IMPLEMENTATIONS = YES;
				CLANG_WARN_DIRECT_OBJC_ISA_USAGE = YES_ERROR;
				CLANG_WARN_DOCUMENTATION_COMMENTS = YES;
				CLANG_WARN_EMPTY_BODY = YES;
				CLANG_WARN_ENUM_CONVERSION = YES;
				CLANG_WARN_INFINITE_RECURSION = YES;
				CLANG_WARN_INT_CONVERSION = YES;
				CLANG_WARN_NON_LITERAL_NULL_CONVERSION = YES;
				CLANG_WARN_OBJC_IMPLICIT_RETAIN_SELF = YES;
				CLANG_WARN_OBJC_LITERAL_CONVERSION = YES;
				CLANG_WARN_OBJC_ROOT_CLASS = YES_ERROR;
				CLANG_WARN_QUOTED_INCLUDE_IN_FRAMEWORK_HEADER = YES;
				CLANG_WARN_RANGE_LOOP_ANALYSIS = YES;
				CLANG_WARN_STRICT_PROTOTYPES = YES;
				CLANG_WARN_SUSPICIOUS_MOVE = YES;
				CLANG_WARN_UNGUARDED_AVAILABILITY = YES_AGGRESSIVE;
				CLANG_WARN_UNREACHABLE_CODE = YES;
				CLANG_WARN__DUPLICATE_METHOD_MATCH = YES;
				COPY_PHASE_STRIP = NO;
				DEBUG_INFORMATION_FORMAT = dwarf;
				ENABLE_STRICT_OBJC_MSGSEND = YES;
				ENABLE_TESTABILITY = YES;
				ENABLE_USER_SCRIPT_SANDBOXING = YES;
				GCC_C_LANGUAGE_STANDARD = gnu17;
				GCC_DYNAMIC_NO_PIC = NO;
				GCC_NO_COMMON_BLOCKS = YES;
				GCC_OPTIMIZATION_LEVEL = 0;
				GCC_PREPROCESSOR_DEFINITIONS = (
					"DEBUG=1",
					"$(inherited)",
				);
				GCC_WARN_64_TO_32_BIT_CONVERSION = YES;
				GCC_WARN_ABOUT_RETURN_TYPE = YES_ERROR;
				GCC_WARN_UNDECLARED_SELECTOR = YES;
				GCC_WARN_UNINITIALIZED_AUTOS = YES_AGGRESSIVE;
				GCC_WARN_UNUSED_FUNCTION = YES;
				GCC_WARN_UNUSED_VARIABLE = YES;
				IPHONEOS_DEPLOYMENT_TARGET = 17.5;
				LOCALIZATION_PREFERS_STRING_CATALOGS = YES;
				MTL_ENABLE_DEBUG_INFO = INCLUDE_SOURCE;
				MTL_FAST_MATH = YES;
				ONLY_ACTIVE_ARCH = YES;
				SDKROOT = iphoneos;
				SWIFT_ACTIVE_COMPILATION_CONDITIONS = "DEBUG $(inherited)";
				SWIFT_OPTIMIZATION_LEVEL = "-Onone";
			};
			name = Debug;
		};
		F7320D472C99255A00BBEDD2 /* Release */ = {
			isa = XCBuildConfiguration;
			buildSettings = {
				ALWAYS_SEARCH_USER_PATHS = NO;
				ASSETCATALOG_COMPILER_GENERATE_SWIFT_ASSET_SYMBOL_EXTENSIONS = YES;
				CLANG_ANALYZER_NONNULL = YES;
				CLANG_ANALYZER_NUMBER_OBJECT_CONVERSION = YES_AGGRESSIVE;
				CLANG_CXX_LANGUAGE_STANDARD = "gnu++20";
				CLANG_ENABLE_MODULES = YES;
				CLANG_ENABLE_OBJC_ARC = YES;
				CLANG_ENABLE_OBJC_WEAK = YES;
				CLANG_WARN_BLOCK_CAPTURE_AUTORELEASING = YES;
				CLANG_WARN_BOOL_CONVERSION = YES;
				CLANG_WARN_COMMA = YES;
				CLANG_WARN_CONSTANT_CONVERSION = YES;
				CLANG_WARN_DEPRECATED_OBJC_IMPLEMENTATIONS = YES;
				CLANG_WARN_DIRECT_OBJC_ISA_USAGE = YES_ERROR;
				CLANG_WARN_DOCUMENTATION_COMMENTS = YES;
				CLANG_WARN_EMPTY_BODY = YES;
				CLANG_WARN_ENUM_CONVERSION = YES;
				CLANG_WARN_INFINITE_RECURSION = YES;
				CLANG_WARN_INT_CONVERSION = YES;
				CLANG_WARN_NON_LITERAL_NULL_CONVERSION = YES;
				CLANG_WARN_OBJC_IMPLICIT_RETAIN_SELF = YES;
				CLANG_WARN_OBJC_LITERAL_CONVERSION = YES;
				CLANG_WARN_OBJC_ROOT_CLASS = YES_ERROR;
				CLANG_WARN_QUOTED_INCLUDE_IN_FRAMEWORK_HEADER = YES;
				CLANG_WARN_RANGE_LOOP_ANALYSIS = YES;
				CLANG_WARN_STRICT_PROTOTYPES = YES;
				CLANG_WARN_SUSPICIOUS_MOVE = YES;
				CLANG_WARN_UNGUARDED_AVAILABILITY = YES_AGGRESSIVE;
				CLANG_WARN_UNREACHABLE_CODE = YES;
				CLANG_WARN__DUPLICATE_METHOD_MATCH = YES;
				COPY_PHASE_STRIP = NO;
				DEBUG_INFORMATION_FORMAT = "dwarf-with-dsym";
				ENABLE_NS_ASSERTIONS = NO;
				ENABLE_STRICT_OBJC_MSGSEND = YES;
				ENABLE_USER_SCRIPT_SANDBOXING = YES;
				GCC_C_LANGUAGE_STANDARD = gnu17;
				GCC_NO_COMMON_BLOCKS = YES;
				GCC_WARN_64_TO_32_BIT_CONVERSION = YES;
				GCC_WARN_ABOUT_RETURN_TYPE = YES_ERROR;
				GCC_WARN_UNDECLARED_SELECTOR = YES;
				GCC_WARN_UNINITIALIZED_AUTOS = YES_AGGRESSIVE;
				GCC_WARN_UNUSED_FUNCTION = YES;
				GCC_WARN_UNUSED_VARIABLE = YES;
				IPHONEOS_DEPLOYMENT_TARGET = 17.5;
				LOCALIZATION_PREFERS_STRING_CATALOGS = YES;
				MTL_ENABLE_DEBUG_INFO = NO;
				MTL_FAST_MATH = YES;
				SDKROOT = iphoneos;
				SWIFT_COMPILATION_MODE = wholemodule;
				VALIDATE_PRODUCT = YES;
			};
			name = Release;
		};
		F7320D492C99255A00BBEDD2 /* Debug */ = {
			isa = XCBuildConfiguration;
			buildSettings = {
				ASSETCATALOG_COMPILER_APPICON_NAME = AppIcon;
				ASSETCATALOG_COMPILER_GLOBAL_ACCENT_COLOR_NAME = AccentColor;
				CODE_SIGN_STYLE = Automatic;
				CURRENT_PROJECT_VERSION = 1;
				DEVELOPMENT_TEAM = 2F6FZV8L79;
				GENERATE_INFOPLIST_FILE = YES;
				INFOPLIST_FILE = OrderApp/Info.plist;
				INFOPLIST_KEY_UIApplicationSupportsIndirectInputEvents = YES;
				INFOPLIST_KEY_UILaunchStoryboardName = LaunchScreen;
				INFOPLIST_KEY_UISupportedInterfaceOrientations_iPad = "UIInterfaceOrientationPortrait UIInterfaceOrientationPortraitUpsideDown UIInterfaceOrientationLandscapeLeft UIInterfaceOrientationLandscapeRight";
				INFOPLIST_KEY_UISupportedInterfaceOrientations_iPhone = "UIInterfaceOrientationPortrait UIInterfaceOrientationLandscapeLeft UIInterfaceOrientationLandscapeRight";
				LD_RUNPATH_SEARCH_PATHS = (
					"$(inherited)",
					"@executable_path/Frameworks",
				);
				MARKETING_VERSION = 1.0;
				PRODUCT_BUNDLE_IDENTIFIER = com.atallah.OrderApp;
				PRODUCT_NAME = "$(TARGET_NAME)";
				SWIFT_EMIT_LOC_STRINGS = YES;
				SWIFT_VERSION = 5.0;
				TARGETED_DEVICE_FAMILY = "1,2";
			};
			name = Debug;
		};
		F7320D4A2C99255A00BBEDD2 /* Release */ = {
			isa = XCBuildConfiguration;
			buildSettings = {
				ASSETCATALOG_COMPILER_APPICON_NAME = AppIcon;
				ASSETCATALOG_COMPILER_GLOBAL_ACCENT_COLOR_NAME = AccentColor;
				CODE_SIGN_STYLE = Automatic;
				CURRENT_PROJECT_VERSION = 1;
				DEVELOPMENT_TEAM = 2F6FZV8L79;
				GENERATE_INFOPLIST_FILE = YES;
				INFOPLIST_FILE = OrderApp/Info.plist;
				INFOPLIST_KEY_UIApplicationSupportsIndirectInputEvents = YES;
				INFOPLIST_KEY_UILaunchStoryboardName = LaunchScreen;
				INFOPLIST_KEY_UISupportedInterfaceOrientations_iPad = "UIInterfaceOrientationPortrait UIInterfaceOrientationPortraitUpsideDown UIInterfaceOrientationLandscapeLeft UIInterfaceOrientationLandscapeRight";
				INFOPLIST_KEY_UISupportedInterfaceOrientations_iPhone = "UIInterfaceOrientationPortrait UIInterfaceOrientationLandscapeLeft UIInterfaceOrientationLandscapeRight";
				LD_RUNPATH_SEARCH_PATHS = (
					"$(inherited)",
					"@executable_path/Frameworks",
				);
				MARKETING_VERSION = 1.0;
				PRODUCT_BUNDLE_IDENTIFIER = com.atallah.OrderApp;
				PRODUCT_NAME = "$(TARGET_NAME)";
				SWIFT_EMIT_LOC_STRINGS = YES;
				SWIFT_VERSION = 5.0;
				TARGETED_DEVICE_FAMILY = "1,2";
			};
			name = Release;
		};
/* End XCBuildConfiguration section */

/* Begin XCConfigurationList section */
		F7320D2F2C99255900BBEDD2 /* Build configuration list for PBXProject "OrderApp" */ = {
			isa = XCConfigurationList;
			buildConfigurations = (
				F7320D462C99255A00BBEDD2 /* Debug */,
				F7320D472C99255A00BBEDD2 /* Release */,
			);
			defaultConfigurationIsVisible = 0;
			defaultConfigurationName = Release;
		};
		F7320D482C99255A00BBEDD2 /* Build configuration list for PBXNativeTarget "OrderApp" */ = {
			isa = XCConfigurationList;
			buildConfigurations = (
				F7320D492C99255A00BBEDD2 /* Debug */,
				F7320D4A2C99255A00BBEDD2 /* Release */,
			);
			defaultConfigurationIsVisible = 0;
			defaultConfigurationName = Release;
		};
/* End XCConfigurationList section */
	};
	rootObject = F7320D2C2C99255900BBEDD2 /* Project object */;
}
